
Microsoft Visual Studio Solution File, Format Version 12.00
# Visual Studio Version 16
VisualStudioVersion = 16.0.30523.141
MinimumVisualStudioVersion = 10.0.40219.1
Project("{9A19103F-16F7-4668-BE54-9A1E7A4F7556}") = "TaskProgramming", "TaskProgramming\TaskProgramming.csproj", "{F75F44F2-2264-45BA-A68D-83280BB23ACA}"
EndProject
Project("{9A19103F-16F7-4668-BE54-9A1E7A4F7556}") = "CancellingTasks", "CancellingTasks\CancellingTasks.csproj", "{6DBD0AB0-FE5F-4C3B-B20C-753FC0B99294}"
EndProject
Project("{9A19103F-16F7-4668-BE54-9A1E7A4F7556}") = "WaitingForTask", "WaitingForTask\WaitingForTask.csproj", "{F25DEFCE-EBA1-4C54-A3FE-EF2B8B3C4734}"
EndProject
Project("{9A19103F-16F7-4668-BE54-9A1E7A4F7556}") = "TaskExceptionHandling", "TaskExceptionHandling\TaskExceptionHandling.csproj", "{6806194F-A637-4BF8-8556-1109138978EA}"
EndProject
Project("{9A19103F-16F7-4668-BE54-9A1E7A4F7556}") = "CriticalSectionInTask", "CriticalSectionInTask\CriticalSectionInTask.csproj", "{CE40325F-004E-49ED-9141-0F452DA0A54F}"
EndProject
Project("{9A19103F-16F7-4668-BE54-9A1E7A4F7556}") = "SpinLock_LockRecursion", "SpinLock_LockRecursion\SpinLock_LockRecursion.csproj", "{CA273E04-F2BF-47E0-877F-C7539237F23F}"
EndProject
Project("{9A19103F-16F7-4668-BE54-9A1E7A4F7556}") = "MutexAllAbout", "MutexAllAbout\MutexAllAbout.csproj", "{73BFA29C-B2EE-499D-8F55-4DE3DDE81C63}"
EndProject
Project("{9A19103F-16F7-4668-BE54-9A1E7A4F7556}") = "ReadAndWriteLockInTasks", "ReadAndWriteLockInTasks\ReadAndWriteLockInTasks.csproj", "{26665F88-6258-409E-B2C8-2D5571A1C32D}"
EndProject
Project("{2150E333-8FDC-42A3-9474-1A3956D46DE8}") = "Task Programming", "Task Programming", "{54FEAC2C-D989-439E-8247-D46F9F2EE8F3}"
EndProject
Project("{2150E333-8FDC-42A3-9474-1A3956D46DE8}") = "Data Sharing And Synchronization", "Data Sharing And Synchronization", "{DFD1A8D3-601B-402C-9D41-71DEE51F62AD}"
EndProject
Project("{2150E333-8FDC-42A3-9474-1A3956D46DE8}") = "Concurrent Collections", "Concurrent Collections", "{49203A20-AEC0-4B48-891C-6A8E178B3D40}"
EndProject
Project("{9A19103F-16F7-4668-BE54-9A1E7A4F7556}") = "ConcurrentCollection", "ConcurrentDictionary\ConcurrentCollection.csproj", "{90115798-1127-4CA0-8352-468815500BD3}"
EndProject
Project("{2150E333-8FDC-42A3-9474-1A3956D46DE8}") = "Task Coordination", "Task Coordination", "{AB23C83B-8899-4420-B837-748BC534BF26}"
EndProject
Project("{9A19103F-16F7-4668-BE54-9A1E7A4F7556}") = "ContinuationsTask", "ContinuationsTask\ContinuationsTask.csproj", "{FEF11B94-51D5-46B4-855D-56F981175E37}"
EndProject
Project("{9A19103F-16F7-4668-BE54-9A1E7A4F7556}") = "ChildTasks", "ChildTasks\ChildTasks.csproj", "{89B64CC0-B02F-4707-94DC-31BC757B36D3}"
EndProject
Project("{9A19103F-16F7-4668-BE54-9A1E7A4F7556}") = "Barrier", "Barrier\Barrier.csproj", "{CAEC4133-01FB-4AAB-B2B4-1B97028B1C49}"
EndProject
Project("{9A19103F-16F7-4668-BE54-9A1E7A4F7556}") = "countdownEvent", "countdownEvent\countdownEvent.csproj", "{A235BEC1-8EC6-408E-98F5-20B1C37C3E06}"
EndProject
Project("{9A19103F-16F7-4668-BE54-9A1E7A4F7556}") = "CountDownEventP", "CountDownEventP\CountDownEventP.csproj", "{A83DA362-BE01-4AE8-84F3-94DEA791D07A}"
EndProject
Project("{9A19103F-16F7-4668-BE54-9A1E7A4F7556}") = "ManualResetAndAutoResetEvent", "ManualResetAndAutoResetEvent\ManualResetAndAutoResetEvent.csproj", "{46BCF0DA-312A-433E-B28B-242099D1C7FA}"
EndProject
Project("{9A19103F-16F7-4668-BE54-9A1E7A4F7556}") = "SemaphoreSlim", "SemaphoreSlim\SemaphoreSlim.csproj", "{68B185C4-1C5D-49CA-8C5F-837A054F28AE}"
EndProject
Project("{2150E333-8FDC-42A3-9474-1A3956D46DE8}") = "Parallel Loops", "Parallel Loops", "{2D6543AE-2567-4D28-AC97-3B80D0E2F878}"
EndProject
Project("{9A19103F-16F7-4668-BE54-9A1E7A4F7556}") = "ParallelLoop", "ParallelLoop\ParallelLoop.csproj", "{0EE43A97-D262-4FA6-BC15-D083438434A7}"
EndProject
Project("{2150E333-8FDC-42A3-9474-1A3956D46DE8}") = "Parallel LINQ", "Parallel LINQ", "{A78F46D5-49CC-40BC-BB29-6CAEC61ED290}"
EndProject
Project("{9A19103F-16F7-4668-BE54-9A1E7A4F7556}") = "ParallelLINQ", "ParallelLINQ\ParallelLINQ.csproj", "{4F808C39-8F72-481C-9847-F349A8BE8629}"
EndProject
Project("{2150E333-8FDC-42A3-9474-1A3956D46DE8}") = "MasteringLinq", "MasteringLinq", "{A996F3A7-D1AA-4066-9282-1C0C47CF049A}"
EndProject
Project("{9A19103F-16F7-4668-BE54-9A1E7A4F7556}") = "GettingStartLinq", "GettingStartLinq\GettingStartLinq.csproj", "{BE655297-B5DF-446A-B1F1-5DFDD0B5479B}"
EndProject
Project("{2150E333-8FDC-42A3-9474-1A3956D46DE8}") = "Parallel-Programming", "Parallel-Programming", "{DB343B86-131C-47CA-86DA-B776E3CA184D}"
EndProject
Project("{2150E333-8FDC-42A3-9474-1A3956D46DE8}") = "GettingStarted", "GettingStarted", "{F7F3E695-BAC2-42DC-8536-7A89126658F0}"
EndProject
Project("{2150E333-8FDC-42A3-9474-1A3956D46DE8}") = "Parallel LINQ", "Parallel LINQ", "{D10EE636-6AB2-4F5B-9A44-10763BE9CCE0}"
EndProject
Project("{9A19103F-16F7-4668-BE54-9A1E7A4F7556}") = "LinqParallelExecution", "LinqParallelExecution\LinqParallelExecution.csproj", "{1D0C96A3-EB90-4823-B8F5-77821858A5F0}"
EndProject
Project("{9A19103F-16F7-4668-BE54-9A1E7A4F7556}") = "MoreLinqPackage_LINQ", "MoreLinqPackage_LINQ\MoreLinqPackage_LINQ.csproj", "{2752954F-25E9-4DCD-BEE8-795492BE5836}"
EndProject
Project("{9A19103F-16F7-4668-BE54-9A1E7A4F7556}") = "EFCORE", "EFCORE\EFCORE.csproj", "{AB2FD6AA-65B4-4EDF-AB20-AA5B38564CB1}"
EndProject
Project("{FAE04EC0-301F-11D3-BF4B-00C04F79EFBC}") = "EFCORE-5", "EFCORE-5\EFCORE-5.csproj", "{06D35967-F4C4-48DF-82F4-00E7FDEA8876}"
EndProject
Project("{2150E333-8FDC-42A3-9474-1A3956D46DE8}") = "EFCORE-5_Project", "EFCORE-5_Project", "{A4385ABC-CA01-41F5-9A8E-2DFAD186C646}"
EndProject
Global
	GlobalSection(SolutionConfigurationPlatforms) = preSolution
		Debug|Any CPU = Debug|Any CPU
		Release|Any CPU = Release|Any CPU
	EndGlobalSection
	GlobalSection(ProjectConfigurationPlatforms) = postSolution
		{F75F44F2-2264-45BA-A68D-83280BB23ACA}.Debug|Any CPU.ActiveCfg = Debug|Any CPU
		{F75F44F2-2264-45BA-A68D-83280BB23ACA}.Debug|Any CPU.Build.0 = Debug|Any CPU
		{F75F44F2-2264-45BA-A68D-83280BB23ACA}.Release|Any CPU.ActiveCfg = Release|Any CPU
		{F75F44F2-2264-45BA-A68D-83280BB23ACA}.Release|Any CPU.Build.0 = Release|Any CPU
		{6DBD0AB0-FE5F-4C3B-B20C-753FC0B99294}.Debug|Any CPU.ActiveCfg = Debug|Any CPU
		{6DBD0AB0-FE5F-4C3B-B20C-753FC0B99294}.Debug|Any CPU.Build.0 = Debug|Any CPU
		{6DBD0AB0-FE5F-4C3B-B20C-753FC0B99294}.Release|Any CPU.ActiveCfg = Release|Any CPU
		{6DBD0AB0-FE5F-4C3B-B20C-753FC0B99294}.Release|Any CPU.Build.0 = Release|Any CPU
		{F25DEFCE-EBA1-4C54-A3FE-EF2B8B3C4734}.Debug|Any CPU.ActiveCfg = Debug|Any CPU
		{F25DEFCE-EBA1-4C54-A3FE-EF2B8B3C4734}.Debug|Any CPU.Build.0 = Debug|Any CPU
		{F25DEFCE-EBA1-4C54-A3FE-EF2B8B3C4734}.Release|Any CPU.ActiveCfg = Release|Any CPU
		{F25DEFCE-EBA1-4C54-A3FE-EF2B8B3C4734}.Release|Any CPU.Build.0 = Release|Any CPU
		{6806194F-A637-4BF8-8556-1109138978EA}.Debug|Any CPU.ActiveCfg = Debug|Any CPU
		{6806194F-A637-4BF8-8556-1109138978EA}.Debug|Any CPU.Build.0 = Debug|Any CPU
		{6806194F-A637-4BF8-8556-1109138978EA}.Release|Any CPU.ActiveCfg = Release|Any CPU
		{6806194F-A637-4BF8-8556-1109138978EA}.Release|Any CPU.Build.0 = Release|Any CPU
		{CE40325F-004E-49ED-9141-0F452DA0A54F}.Debug|Any CPU.ActiveCfg = Debug|Any CPU
		{CE40325F-004E-49ED-9141-0F452DA0A54F}.Debug|Any CPU.Build.0 = Debug|Any CPU
		{CE40325F-004E-49ED-9141-0F452DA0A54F}.Release|Any CPU.ActiveCfg = Release|Any CPU
		{CE40325F-004E-49ED-9141-0F452DA0A54F}.Release|Any CPU.Build.0 = Release|Any CPU
		{CA273E04-F2BF-47E0-877F-C7539237F23F}.Debug|Any CPU.ActiveCfg = Debug|Any CPU
		{CA273E04-F2BF-47E0-877F-C7539237F23F}.Debug|Any CPU.Build.0 = Debug|Any CPU
		{CA273E04-F2BF-47E0-877F-C7539237F23F}.Release|Any CPU.ActiveCfg = Release|Any CPU
		{CA273E04-F2BF-47E0-877F-C7539237F23F}.Release|Any CPU.Build.0 = Release|Any CPU
		{73BFA29C-B2EE-499D-8F55-4DE3DDE81C63}.Debug|Any CPU.ActiveCfg = Debug|Any CPU
		{73BFA29C-B2EE-499D-8F55-4DE3DDE81C63}.Debug|Any CPU.Build.0 = Debug|Any CPU
		{73BFA29C-B2EE-499D-8F55-4DE3DDE81C63}.Release|Any CPU.ActiveCfg = Release|Any CPU
		{73BFA29C-B2EE-499D-8F55-4DE3DDE81C63}.Release|Any CPU.Build.0 = Release|Any CPU
		{26665F88-6258-409E-B2C8-2D5571A1C32D}.Debug|Any CPU.ActiveCfg = Debug|Any CPU
		{26665F88-6258-409E-B2C8-2D5571A1C32D}.Debug|Any CPU.Build.0 = Debug|Any CPU
		{26665F88-6258-409E-B2C8-2D5571A1C32D}.Release|Any CPU.ActiveCfg = Release|Any CPU
		{26665F88-6258-409E-B2C8-2D5571A1C32D}.Release|Any CPU.Build.0 = Release|Any CPU
		{90115798-1127-4CA0-8352-468815500BD3}.Debug|Any CPU.ActiveCfg = Debug|Any CPU
		{90115798-1127-4CA0-8352-468815500BD3}.Debug|Any CPU.Build.0 = Debug|Any CPU
		{90115798-1127-4CA0-8352-468815500BD3}.Release|Any CPU.ActiveCfg = Release|Any CPU
		{90115798-1127-4CA0-8352-468815500BD3}.Release|Any CPU.Build.0 = Release|Any CPU
		{FEF11B94-51D5-46B4-855D-56F981175E37}.Debug|Any CPU.ActiveCfg = Debug|Any CPU
		{FEF11B94-51D5-46B4-855D-56F981175E37}.Debug|Any CPU.Build.0 = Debug|Any CPU
		{FEF11B94-51D5-46B4-855D-56F981175E37}.Release|Any CPU.ActiveCfg = Release|Any CPU
		{FEF11B94-51D5-46B4-855D-56F981175E37}.Release|Any CPU.Build.0 = Release|Any CPU
		{89B64CC0-B02F-4707-94DC-31BC757B36D3}.Debug|Any CPU.ActiveCfg = Debug|Any CPU
		{89B64CC0-B02F-4707-94DC-31BC757B36D3}.Debug|Any CPU.Build.0 = Debug|Any CPU
		{89B64CC0-B02F-4707-94DC-31BC757B36D3}.Release|Any CPU.ActiveCfg = Release|Any CPU
		{89B64CC0-B02F-4707-94DC-31BC757B36D3}.Release|Any CPU.Build.0 = Release|Any CPU
		{CAEC4133-01FB-4AAB-B2B4-1B97028B1C49}.Debug|Any CPU.ActiveCfg = Debug|Any CPU
		{CAEC4133-01FB-4AAB-B2B4-1B97028B1C49}.Debug|Any CPU.Build.0 = Debug|Any CPU
		{CAEC4133-01FB-4AAB-B2B4-1B97028B1C49}.Release|Any CPU.ActiveCfg = Release|Any CPU
		{CAEC4133-01FB-4AAB-B2B4-1B97028B1C49}.Release|Any CPU.Build.0 = Release|Any CPU
		{A235BEC1-8EC6-408E-98F5-20B1C37C3E06}.Debug|Any CPU.ActiveCfg = Debug|Any CPU
		{A235BEC1-8EC6-408E-98F5-20B1C37C3E06}.Debug|Any CPU.Build.0 = Debug|Any CPU
		{A235BEC1-8EC6-408E-98F5-20B1C37C3E06}.Release|Any CPU.ActiveCfg = Release|Any CPU
		{A235BEC1-8EC6-408E-98F5-20B1C37C3E06}.Release|Any CPU.Build.0 = Release|Any CPU
		{A83DA362-BE01-4AE8-84F3-94DEA791D07A}.Debug|Any CPU.ActiveCfg = Debug|Any CPU
		{A83DA362-BE01-4AE8-84F3-94DEA791D07A}.Debug|Any CPU.Build.0 = Debug|Any CPU
		{A83DA362-BE01-4AE8-84F3-94DEA791D07A}.Release|Any CPU.ActiveCfg = Release|Any CPU
		{A83DA362-BE01-4AE8-84F3-94DEA791D07A}.Release|Any CPU.Build.0 = Release|Any CPU
		{46BCF0DA-312A-433E-B28B-242099D1C7FA}.Debug|Any CPU.ActiveCfg = Debug|Any CPU
		{46BCF0DA-312A-433E-B28B-242099D1C7FA}.Debug|Any CPU.Build.0 = Debug|Any CPU
		{46BCF0DA-312A-433E-B28B-242099D1C7FA}.Release|Any CPU.ActiveCfg = Release|Any CPU
		{46BCF0DA-312A-433E-B28B-242099D1C7FA}.Release|Any CPU.Build.0 = Release|Any CPU
		{68B185C4-1C5D-49CA-8C5F-837A054F28AE}.Debug|Any CPU.ActiveCfg = Debug|Any CPU
		{68B185C4-1C5D-49CA-8C5F-837A054F28AE}.Debug|Any CPU.Build.0 = Debug|Any CPU
		{68B185C4-1C5D-49CA-8C5F-837A054F28AE}.Release|Any CPU.ActiveCfg = Release|Any CPU
		{68B185C4-1C5D-49CA-8C5F-837A054F28AE}.Release|Any CPU.Build.0 = Release|Any CPU
		{0EE43A97-D262-4FA6-BC15-D083438434A7}.Debug|Any CPU.ActiveCfg = Debug|Any CPU
		{0EE43A97-D262-4FA6-BC15-D083438434A7}.Debug|Any CPU.Build.0 = Debug|Any CPU
		{0EE43A97-D262-4FA6-BC15-D083438434A7}.Release|Any CPU.ActiveCfg = Release|Any CPU
		{0EE43A97-D262-4FA6-BC15-D083438434A7}.Release|Any CPU.Build.0 = Release|Any CPU
		{4F808C39-8F72-481C-9847-F349A8BE8629}.Debug|Any CPU.ActiveCfg = Debug|Any CPU
		{4F808C39-8F72-481C-9847-F349A8BE8629}.Debug|Any CPU.Build.0 = Debug|Any CPU
		{4F808C39-8F72-481C-9847-F349A8BE8629}.Release|Any CPU.ActiveCfg = Release|Any CPU
		{4F808C39-8F72-481C-9847-F349A8BE8629}.Release|Any CPU.Build.0 = Release|Any CPU
		{BE655297-B5DF-446A-B1F1-5DFDD0B5479B}.Debug|Any CPU.ActiveCfg = Debug|Any CPU
		{BE655297-B5DF-446A-B1F1-5DFDD0B5479B}.Debug|Any CPU.Build.0 = Debug|Any CPU
		{BE655297-B5DF-446A-B1F1-5DFDD0B5479B}.Release|Any CPU.ActiveCfg = Release|Any CPU
		{BE655297-B5DF-446A-B1F1-5DFDD0B5479B}.Release|Any CPU.Build.0 = Release|Any CPU
		{1D0C96A3-EB90-4823-B8F5-77821858A5F0}.Debug|Any CPU.ActiveCfg = Debug|Any CPU
		{1D0C96A3-EB90-4823-B8F5-77821858A5F0}.Debug|Any CPU.Build.0 = Debug|Any CPU
		{1D0C96A3-EB90-4823-B8F5-77821858A5F0}.Release|Any CPU.ActiveCfg = Release|Any CPU
		{1D0C96A3-EB90-4823-B8F5-77821858A5F0}.Release|Any CPU.Build.0 = Release|Any CPU
		{2752954F-25E9-4DCD-BEE8-795492BE5836}.Debug|Any CPU.ActiveCfg = Debug|Any CPU
		{2752954F-25E9-4DCD-BEE8-795492BE5836}.Debug|Any CPU.Build.0 = Debug|Any CPU
		{2752954F-25E9-4DCD-BEE8-795492BE5836}.Release|Any CPU.ActiveCfg = Release|Any CPU
		{2752954F-25E9-4DCD-BEE8-795492BE5836}.Release|Any CPU.Build.0 = Release|Any CPU
		{AB2FD6AA-65B4-4EDF-AB20-AA5B38564CB1}.Debug|Any CPU.ActiveCfg = Debug|Any CPU
		{AB2FD6AA-65B4-4EDF-AB20-AA5B38564CB1}.Debug|Any CPU.Build.0 = Debug|Any CPU
		{AB2FD6AA-65B4-4EDF-AB20-AA5B38564CB1}.Release|Any CPU.ActiveCfg = Release|Any CPU
		{AB2FD6AA-65B4-4EDF-AB20-AA5B38564CB1}.Release|Any CPU.Build.0 = Release|Any CPU
		{06D35967-F4C4-48DF-82F4-00E7FDEA8876}.Debug|Any CPU.ActiveCfg = Debug|Any CPU
		{06D35967-F4C4-48DF-82F4-00E7FDEA8876}.Debug|Any CPU.Build.0 = Debug|Any CPU
		{06D35967-F4C4-48DF-82F4-00E7FDEA8876}.Release|Any CPU.ActiveCfg = Release|Any CPU
		{06D35967-F4C4-48DF-82F4-00E7FDEA8876}.Release|Any CPU.Build.0 = Release|Any CPU
	EndGlobalSection
	GlobalSection(SolutionProperties) = preSolution
		HideSolutionNode = FALSE
	EndGlobalSection
	GlobalSection(NestedProjects) = preSolution
		{F75F44F2-2264-45BA-A68D-83280BB23ACA} = {54FEAC2C-D989-439E-8247-D46F9F2EE8F3}
		{6DBD0AB0-FE5F-4C3B-B20C-753FC0B99294} = {54FEAC2C-D989-439E-8247-D46F9F2EE8F3}
		{F25DEFCE-EBA1-4C54-A3FE-EF2B8B3C4734} = {54FEAC2C-D989-439E-8247-D46F9F2EE8F3}
		{6806194F-A637-4BF8-8556-1109138978EA} = {54FEAC2C-D989-439E-8247-D46F9F2EE8F3}
		{CE40325F-004E-49ED-9141-0F452DA0A54F} = {DFD1A8D3-601B-402C-9D41-71DEE51F62AD}
		{CA273E04-F2BF-47E0-877F-C7539237F23F} = {DFD1A8D3-601B-402C-9D41-71DEE51F62AD}
		{73BFA29C-B2EE-499D-8F55-4DE3DDE81C63} = {DFD1A8D3-601B-402C-9D41-71DEE51F62AD}
		{26665F88-6258-409E-B2C8-2D5571A1C32D} = {DFD1A8D3-601B-402C-9D41-71DEE51F62AD}
		{54FEAC2C-D989-439E-8247-D46F9F2EE8F3} = {DB343B86-131C-47CA-86DA-B776E3CA184D}
		{DFD1A8D3-601B-402C-9D41-71DEE51F62AD} = {DB343B86-131C-47CA-86DA-B776E3CA184D}
		{49203A20-AEC0-4B48-891C-6A8E178B3D40} = {DB343B86-131C-47CA-86DA-B776E3CA184D}
		{90115798-1127-4CA0-8352-468815500BD3} = {49203A20-AEC0-4B48-891C-6A8E178B3D40}
		{AB23C83B-8899-4420-B837-748BC534BF26} = {DB343B86-131C-47CA-86DA-B776E3CA184D}
		{FEF11B94-51D5-46B4-855D-56F981175E37} = {AB23C83B-8899-4420-B837-748BC534BF26}
		{89B64CC0-B02F-4707-94DC-31BC757B36D3} = {AB23C83B-8899-4420-B837-748BC534BF26}
		{CAEC4133-01FB-4AAB-B2B4-1B97028B1C49} = {AB23C83B-8899-4420-B837-748BC534BF26}
		{A235BEC1-8EC6-408E-98F5-20B1C37C3E06} = {DFD1A8D3-601B-402C-9D41-71DEE51F62AD}
		{A83DA362-BE01-4AE8-84F3-94DEA791D07A} = {AB23C83B-8899-4420-B837-748BC534BF26}
		{46BCF0DA-312A-433E-B28B-242099D1C7FA} = {AB23C83B-8899-4420-B837-748BC534BF26}
		{68B185C4-1C5D-49CA-8C5F-837A054F28AE} = {AB23C83B-8899-4420-B837-748BC534BF26}
		{2D6543AE-2567-4D28-AC97-3B80D0E2F878} = {DB343B86-131C-47CA-86DA-B776E3CA184D}
		{0EE43A97-D262-4FA6-BC15-D083438434A7} = {2D6543AE-2567-4D28-AC97-3B80D0E2F878}
		{A78F46D5-49CC-40BC-BB29-6CAEC61ED290} = {DB343B86-131C-47CA-86DA-B776E3CA184D}
		{4F808C39-8F72-481C-9847-F349A8BE8629} = {A78F46D5-49CC-40BC-BB29-6CAEC61ED290}
		{BE655297-B5DF-446A-B1F1-5DFDD0B5479B} = {F7F3E695-BAC2-42DC-8536-7A89126658F0}
		{F7F3E695-BAC2-42DC-8536-7A89126658F0} = {A996F3A7-D1AA-4066-9282-1C0C47CF049A}
		{D10EE636-6AB2-4F5B-9A44-10763BE9CCE0} = {A996F3A7-D1AA-4066-9282-1C0C47CF049A}
		{1D0C96A3-EB90-4823-B8F5-77821858A5F0} = {D10EE636-6AB2-4F5B-9A44-10763BE9CCE0}
		{2752954F-25E9-4DCD-BEE8-795492BE5836} = {D10EE636-6AB2-4F5B-9A44-10763BE9CCE0}
		{06D35967-F4C4-48DF-82F4-00E7FDEA8876} = {A4385ABC-CA01-41F5-9A8E-2DFAD186C646}
	EndGlobalSection
	GlobalSection(ExtensibilityGlobals) = postSolution
		SolutionGuid = {31697BAF-851A-4531-B86C-2968428C2A50}
	EndGlobalSection
EndGlobal
