
Microsoft Visual Studio Solution File, Format Version 12.00
# Visual Studio Version 16
VisualStudioVersion = 16.0.30523.141
MinimumVisualStudioVersion = 10.0.40219.1
Project("{FAE04EC0-301F-11D3-BF4B-00C04F79EFBC}") = "TaskProgramming", "TaskProgramming\TaskProgramming.csproj", "{F75F44F2-2264-45BA-A68D-83280BB23ACA}"
EndProject
Global
	GlobalSection(SolutionConfigurationPlatforms) = preSolution
		Debug|Any CPU = Debug|Any CPU
		Release|Any CPU = Release|Any CPU
	EndGlobalSection
	GlobalSection(ProjectConfigurationPlatforms) = postSolution
		{F75F44F2-2264-45BA-A68D-83280BB23ACA}.Debug|Any CPU.ActiveCfg = Debug|Any CPU
		{F75F44F2-2264-45BA-A68D-83280BB23ACA}.Debug|Any CPU.Build.0 = Debug|Any CPU
		{F75F44F2-2264-45BA-A68D-83280BB23ACA}.Release|Any CPU.ActiveCfg = Release|Any CPU
		{F75F44F2-2264-45BA-A68D-83280BB23ACA}.Release|Any CPU.Build.0 = Release|Any CPU
	EndGlobalSection
	GlobalSection(SolutionProperties) = preSolution
		HideSolutionNode = FALSE
	EndGlobalSection
	GlobalSection(ExtensibilityGlobals) = postSolution
		SolutionGuid = {31697BAF-851A-4531-B86C-2968428C2A50}
	EndGlobalSection
EndGlobal
